
Microsoft Visual Studio Solution File, Format Version 12.00
# Visual Studio 15
VisualStudioVersion = 15.0.28307.421
MinimumVisualStudioVersion = 10.0.40219.1
Project("{9A19103F-16F7-4668-BE54-9A1E7A4F7556}") = "Gateway", "Gateway\Gateway.csproj", "{D74B6E97-AFDD-4603-B955-9A1CB0B13235}"
EndProject
Project("{9A19103F-16F7-4668-BE54-9A1E7A4F7556}") = "Common", "Common\Common.csproj", "{DC14D1A7-7F92-4307-8695-F06A536690F4}"
EndProject
Project("{2150E333-8FDC-42A3-9474-1A3956D46DE8}") = "Document", "Document", "{5BDD4444-E0C2-4151-B038-566D39C4AC4F}"
	ProjectSection(SolutionItems) = preProject
		publish.ps1 = publish.ps1
	EndProjectSection
EndProject
Global
	GlobalSection(SolutionConfigurationPlatforms) = preSolution
		Debug|Any CPU = Debug|Any CPU
		Release|Any CPU = Release|Any CPU
	EndGlobalSection
	GlobalSection(ProjectConfigurationPlatforms) = postSolution
		{D74B6E97-AFDD-4603-B955-9A1CB0B13235}.Debug|Any CPU.ActiveCfg = Debug|Any CPU
		{D74B6E97-AFDD-4603-B955-9A1CB0B13235}.Debug|Any CPU.Build.0 = Debug|Any CPU
		{D74B6E97-AFDD-4603-B955-9A1CB0B13235}.Release|Any CPU.ActiveCfg = Release|Any CPU
		{D74B6E97-AFDD-4603-B955-9A1CB0B13235}.Release|Any CPU.Build.0 = Release|Any CPU
		{DC14D1A7-7F92-4307-8695-F06A536690F4}.Debug|Any CPU.ActiveCfg = Debug|Any CPU
		{DC14D1A7-7F92-4307-8695-F06A536690F4}.Debug|Any CPU.Build.0 = Debug|Any CPU
		{DC14D1A7-7F92-4307-8695-F06A536690F4}.Release|Any CPU.ActiveCfg = Release|Any CPU
		{DC14D1A7-7F92-4307-8695-F06A536690F4}.Release|Any CPU.Build.0 = Release|Any CPU
	EndGlobalSection
	GlobalSection(SolutionProperties) = preSolution
		HideSolutionNode = FALSE
	EndGlobalSection
	GlobalSection(ExtensibilityGlobals) = postSolution
		SolutionGuid = {541EECBF-DE3A-4C73-BDE6-44D3CF0D805C}
	EndGlobalSection
EndGlobal
