
Microsoft Visual Studio Solution File, Format Version 12.00
# Visual Studio 15
VisualStudioVersion = 15.0.27428.2027
MinimumVisualStudioVersion = 10.0.40219.1
Project("{E24C65DC-7377-472B-9ABA-BC803B73C61A}") = "RecordBill.WeChatAPP", "RecordBill.WeChatAPP\", "{2DBDCAE0-8834-4E9A-9DB6-132496E08744}"
	ProjectSection(WebsiteProperties) = preProject
		TargetFrameworkMoniker = ".NETFramework,Version%3Dv4.0"
		Debug.AspNetCompiler.VirtualPath = "/localhost_55127"
		Debug.AspNetCompiler.PhysicalPath = "RecordBill.WeChatAPP\"
		Debug.AspNetCompiler.TargetPath = "PrecompiledWeb\localhost_55127\"
		Debug.AspNetCompiler.Updateable = "true"
		Debug.AspNetCompiler.ForceOverwrite = "true"
		Debug.AspNetCompiler.FixedNames = "false"
		Debug.AspNetCompiler.Debug = "True"
		Release.AspNetCompiler.VirtualPath = "/localhost_55127"
		Release.AspNetCompiler.PhysicalPath = "RecordBill.WeChatAPP\"
		Release.AspNetCompiler.TargetPath = "PrecompiledWeb\localhost_55127\"
		Release.AspNetCompiler.Updateable = "true"
		Release.AspNetCompiler.ForceOverwrite = "true"
		Release.AspNetCompiler.FixedNames = "false"
		Release.AspNetCompiler.Debug = "False"
		VWDPort = "55127"
		SlnRelativePath = "RecordBill.WeChatAPP\"
	EndProjectSection
EndProject
Project("{2150E333-8FDC-42A3-9474-1A3956D46DE8}") = "Old", "Old", "{A543BFAA-1DB5-4D9B-BC41-D6F3152D80C6}"
EndProject
Project("{2150E333-8FDC-42A3-9474-1A3956D46DE8}") = "RecordBill", "RecordBill", "{505081D7-A875-40E2-A964-4F96490CCE46}"
EndProject
Project("{2150E333-8FDC-42A3-9474-1A3956D46DE8}") = "Basis", "Basis", "{F2D5C2C4-39CE-4CD6-8905-4B0121B9D2EE}"
EndProject
Project("{2150E333-8FDC-42A3-9474-1A3956D46DE8}") = "User", "User", "{C438EF7C-8A14-4BE2-97A4-8F2B7B03195D}"
EndProject
Project("{2150E333-8FDC-42A3-9474-1A3956D46DE8}") = "Document", "Document", "{8FC41670-6932-4D07-8B61-8C6FB764524B}"
	ProjectSection(SolutionItems) = preProject
		MigrationReadme.txt = MigrationReadme.txt
	EndProjectSection
EndProject
Project("{2150E333-8FDC-42A3-9474-1A3956D46DE8}") = "Log", "Log", "{DC8F484A-0895-4DC3-8C72-1B46A511B48F}"
EndProject
Project("{FAE04EC0-301F-11D3-BF4B-00C04F79EFBC}") = "User.Common", "User.Common\User.Common.csproj", "{7C8A61A9-E999-4433-A70B-9087077DB945}"
EndProject
Project("{FAE04EC0-301F-11D3-BF4B-00C04F79EFBC}") = "User.DataTransmitModel", "User.DataTransmitModel\User.DataTransmitModel.csproj", "{2E53B8C7-F7D4-43C5-BDCC-2CC55446EE30}"
EndProject
Project("{FAE04EC0-301F-11D3-BF4B-00C04F79EFBC}") = "User.Domain", "User.Domain\User.Domain.csproj", "{3F1BE2C6-9A99-4610-8F3D-DE548D3F9C90}"
EndProject
Project("{FAE04EC0-301F-11D3-BF4B-00C04F79EFBC}") = "User.EFRepository", "User.EFRepository\User.EFRepository.csproj", "{B9E48948-82EE-4873-BD50-106B826172EC}"
EndProject
Project("{FAE04EC0-301F-11D3-BF4B-00C04F79EFBC}") = "User.PresentationModel", "User.PresentationModel\User.PresentationModel.csproj", "{C2295D07-9DED-442E-B5CE-A305773BFC08}"
EndProject
Project("{FAE04EC0-301F-11D3-BF4B-00C04F79EFBC}") = "User.Service", "User.Service\User.Service.csproj", "{252E552C-9DD9-4D23-9DF9-543998C526D8}"
EndProject
Project("{FAE04EC0-301F-11D3-BF4B-00C04F79EFBC}") = "User.ServiceImpl", "User.ServiceImpl\User.ServiceImpl.csproj", "{41E7D759-8B4B-4C67-B23A-7E45B91B8627}"
EndProject
Project("{FAE04EC0-301F-11D3-BF4B-00C04F79EFBC}") = "User.WebAPI", "User.WebAPI\User.WebAPI.csproj", "{8124E7E9-0A91-4C86-A7ED-BB1C160645D5}"
EndProject
Project("{FAE04EC0-301F-11D3-BF4B-00C04F79EFBC}") = "User.IdentityServer", "User.IdentityServer\User.IdentityServer.csproj", "{AD235BF1-CC67-44C7-9ACD-25B2B346E8A3}"
EndProject
Project("{FAE04EC0-301F-11D3-BF4B-00C04F79EFBC}") = "RecordBill.Common", "RecordBill.Common\RecordBill.Common.csproj", "{42D196D7-23D2-4B2C-90EF-377DF1826E4D}"
EndProject
Project("{FAE04EC0-301F-11D3-BF4B-00C04F79EFBC}") = "RecordBill.DataTransmitModel", "RecordBill.DataTransmitModel\RecordBill.DataTransmitModel.csproj", "{05327DDC-B727-4048-A82C-2AC8FCCB615B}"
EndProject
Project("{FAE04EC0-301F-11D3-BF4B-00C04F79EFBC}") = "RecordBill.Domain", "RecordBill.Domain\RecordBill.Domain.csproj", "{877A91BE-F4E8-411C-ABC5-339F1E16C562}"
EndProject
Project("{FAE04EC0-301F-11D3-BF4B-00C04F79EFBC}") = "RecordBill.EFRepository", "RecordBill.EFRepository\RecordBill.EFRepository.csproj", "{DA994831-5148-4FB3-897B-344708D545BB}"
EndProject
Project("{FAE04EC0-301F-11D3-BF4B-00C04F79EFBC}") = "RecordBill.PresentationModel", "RecordBill.PresentationModel\RecordBill.PresentationModel.csproj", "{C9662639-A257-462D-9ECB-180E9D75210D}"
EndProject
Project("{FAE04EC0-301F-11D3-BF4B-00C04F79EFBC}") = "RecordBill.Service", "RecordBill.Service\RecordBill.Service.csproj", "{3118BEDA-D02F-4C66-84FD-DD03A768DBDF}"
EndProject
Project("{FAE04EC0-301F-11D3-BF4B-00C04F79EFBC}") = "RecordBill.ServiceImpl", "RecordBill.ServiceImpl\RecordBill.ServiceImpl.csproj", "{590EF606-D4B0-4B19-8856-B87FB75A93EB}"
EndProject
Project("{FAE04EC0-301F-11D3-BF4B-00C04F79EFBC}") = "RecordBill.WebAPI", "RecordBill.WebAPI\RecordBill.WebAPI.csproj", "{0E5D049B-A052-4641-A166-24240B256585}"
EndProject
Project("{FAE04EC0-301F-11D3-BF4B-00C04F79EFBC}") = "Log.Common", "Log.Common\Log.Common.csproj", "{CBB3D31E-56C4-415E-A87E-C978C82121F4}"
EndProject
Project("{FAE04EC0-301F-11D3-BF4B-00C04F79EFBC}") = "Log.DataTransmitModel", "Log.DataTransmitModel\Log.DataTransmitModel.csproj", "{51AF8886-72FE-4177-922D-CB1893C912B3}"
EndProject
Project("{FAE04EC0-301F-11D3-BF4B-00C04F79EFBC}") = "Log.Domain", "Log.Domain\Log.Domain.csproj", "{57106ADC-1B38-4BA6-BC1B-D4D17A79F295}"
EndProject
Project("{FAE04EC0-301F-11D3-BF4B-00C04F79EFBC}") = "Log.EFRepository", "Log.EFRepository\Log.EFRepository.csproj", "{CB6FC91D-9323-4A23-B4B5-3DF2B977BCC7}"
EndProject
Project("{FAE04EC0-301F-11D3-BF4B-00C04F79EFBC}") = "Log.PresentationModel", "Log.PresentationModel\Log.PresentationModel.csproj", "{7F11C294-8356-4528-B207-241B44580D55}"
EndProject
Project("{FAE04EC0-301F-11D3-BF4B-00C04F79EFBC}") = "Log.Service", "Log.Service\Log.Service.csproj", "{685C75D5-31F6-45BD-9C2B-B736E68809FF}"
EndProject
Project("{FAE04EC0-301F-11D3-BF4B-00C04F79EFBC}") = "Log.ServiceImpl", "Log.ServiceImpl\Log.ServiceImpl.csproj", "{45F3683D-3C7D-498E-B56D-92F5ACB908FA}"
EndProject
Project("{FAE04EC0-301F-11D3-BF4B-00C04F79EFBC}") = "Log.WebAPI", "Log.WebAPI\Log.WebAPI.csproj", "{D4CF139E-E14E-4F78-A218-FB642B523192}"
EndProject
Project("{FAE04EC0-301F-11D3-BF4B-00C04F79EFBC}") = "BaseWebAPI", "BaseWebAPI\BaseWebAPI.csproj", "{420C2C35-C007-4697-AB07-F0443590A2A2}"
EndProject
Project("{FAE04EC0-301F-11D3-BF4B-00C04F79EFBC}") = "Common", "Common\Common.csproj", "{29E2BCF0-6A1F-4843-892E-48DDDEDADE5E}"
EndProject
Project("{FAE04EC0-301F-11D3-BF4B-00C04F79EFBC}") = "DependencyInjection", "DependencyInjection\DependencyInjection.csproj", "{4425B9A1-0706-46C0-A7E0-1D5E61FAA739}"
EndProject
Project("{FAE04EC0-301F-11D3-BF4B-00C04F79EFBC}") = "Domain", "Domain\Domain.csproj", "{06C80BBC-8935-46CE-90CF-71846103207F}"
EndProject
Project("{FAE04EC0-301F-11D3-BF4B-00C04F79EFBC}") = "Model", "Model\Model.csproj", "{E6D694E0-6011-45C8-8070-0157B2F0F69C}"
EndProject
Global
	GlobalSection(SolutionConfigurationPlatforms) = preSolution
		Debug|Any CPU = Debug|Any CPU
		Release|Any CPU = Release|Any CPU
	EndGlobalSection
	GlobalSection(ProjectConfigurationPlatforms) = postSolution
		{2DBDCAE0-8834-4E9A-9DB6-132496E08744}.Debug|Any CPU.ActiveCfg = Debug|Any CPU
		{2DBDCAE0-8834-4E9A-9DB6-132496E08744}.Debug|Any CPU.Build.0 = Debug|Any CPU
		{2DBDCAE0-8834-4E9A-9DB6-132496E08744}.Release|Any CPU.ActiveCfg = Debug|Any CPU
		{2DBDCAE0-8834-4E9A-9DB6-132496E08744}.Release|Any CPU.Build.0 = Debug|Any CPU
		{7C8A61A9-E999-4433-A70B-9087077DB945}.Debug|Any CPU.ActiveCfg = Debug|Any CPU
		{7C8A61A9-E999-4433-A70B-9087077DB945}.Debug|Any CPU.Build.0 = Debug|Any CPU
		{7C8A61A9-E999-4433-A70B-9087077DB945}.Release|Any CPU.ActiveCfg = Release|Any CPU
		{7C8A61A9-E999-4433-A70B-9087077DB945}.Release|Any CPU.Build.0 = Release|Any CPU
		{2E53B8C7-F7D4-43C5-BDCC-2CC55446EE30}.Debug|Any CPU.ActiveCfg = Debug|Any CPU
		{2E53B8C7-F7D4-43C5-BDCC-2CC55446EE30}.Debug|Any CPU.Build.0 = Debug|Any CPU
		{2E53B8C7-F7D4-43C5-BDCC-2CC55446EE30}.Release|Any CPU.ActiveCfg = Release|Any CPU
		{2E53B8C7-F7D4-43C5-BDCC-2CC55446EE30}.Release|Any CPU.Build.0 = Release|Any CPU
		{3F1BE2C6-9A99-4610-8F3D-DE548D3F9C90}.Debug|Any CPU.ActiveCfg = Debug|Any CPU
		{3F1BE2C6-9A99-4610-8F3D-DE548D3F9C90}.Debug|Any CPU.Build.0 = Debug|Any CPU
		{3F1BE2C6-9A99-4610-8F3D-DE548D3F9C90}.Release|Any CPU.ActiveCfg = Release|Any CPU
		{3F1BE2C6-9A99-4610-8F3D-DE548D3F9C90}.Release|Any CPU.Build.0 = Release|Any CPU
		{B9E48948-82EE-4873-BD50-106B826172EC}.Debug|Any CPU.ActiveCfg = Debug|Any CPU
		{B9E48948-82EE-4873-BD50-106B826172EC}.Debug|Any CPU.Build.0 = Debug|Any CPU
		{B9E48948-82EE-4873-BD50-106B826172EC}.Release|Any CPU.ActiveCfg = Release|Any CPU
		{B9E48948-82EE-4873-BD50-106B826172EC}.Release|Any CPU.Build.0 = Release|Any CPU
		{C2295D07-9DED-442E-B5CE-A305773BFC08}.Debug|Any CPU.ActiveCfg = Debug|Any CPU
		{C2295D07-9DED-442E-B5CE-A305773BFC08}.Debug|Any CPU.Build.0 = Debug|Any CPU
		{C2295D07-9DED-442E-B5CE-A305773BFC08}.Release|Any CPU.ActiveCfg = Release|Any CPU
		{C2295D07-9DED-442E-B5CE-A305773BFC08}.Release|Any CPU.Build.0 = Release|Any CPU
		{252E552C-9DD9-4D23-9DF9-543998C526D8}.Debug|Any CPU.ActiveCfg = Debug|Any CPU
		{252E552C-9DD9-4D23-9DF9-543998C526D8}.Debug|Any CPU.Build.0 = Debug|Any CPU
		{252E552C-9DD9-4D23-9DF9-543998C526D8}.Release|Any CPU.ActiveCfg = Release|Any CPU
		{252E552C-9DD9-4D23-9DF9-543998C526D8}.Release|Any CPU.Build.0 = Release|Any CPU
		{41E7D759-8B4B-4C67-B23A-7E45B91B8627}.Debug|Any CPU.ActiveCfg = Debug|Any CPU
		{41E7D759-8B4B-4C67-B23A-7E45B91B8627}.Debug|Any CPU.Build.0 = Debug|Any CPU
		{41E7D759-8B4B-4C67-B23A-7E45B91B8627}.Release|Any CPU.ActiveCfg = Release|Any CPU
		{41E7D759-8B4B-4C67-B23A-7E45B91B8627}.Release|Any CPU.Build.0 = Release|Any CPU
		{8124E7E9-0A91-4C86-A7ED-BB1C160645D5}.Debug|Any CPU.ActiveCfg = Debug|Any CPU
		{8124E7E9-0A91-4C86-A7ED-BB1C160645D5}.Debug|Any CPU.Build.0 = Debug|Any CPU
		{8124E7E9-0A91-4C86-A7ED-BB1C160645D5}.Release|Any CPU.ActiveCfg = Release|Any CPU
		{8124E7E9-0A91-4C86-A7ED-BB1C160645D5}.Release|Any CPU.Build.0 = Release|Any CPU
		{AD235BF1-CC67-44C7-9ACD-25B2B346E8A3}.Debug|Any CPU.ActiveCfg = Debug|Any CPU
		{AD235BF1-CC67-44C7-9ACD-25B2B346E8A3}.Debug|Any CPU.Build.0 = Debug|Any CPU
		{AD235BF1-CC67-44C7-9ACD-25B2B346E8A3}.Release|Any CPU.ActiveCfg = Release|Any CPU
		{AD235BF1-CC67-44C7-9ACD-25B2B346E8A3}.Release|Any CPU.Build.0 = Release|Any CPU
		{42D196D7-23D2-4B2C-90EF-377DF1826E4D}.Debug|Any CPU.ActiveCfg = Debug|Any CPU
		{42D196D7-23D2-4B2C-90EF-377DF1826E4D}.Debug|Any CPU.Build.0 = Debug|Any CPU
		{42D196D7-23D2-4B2C-90EF-377DF1826E4D}.Release|Any CPU.ActiveCfg = Release|Any CPU
		{42D196D7-23D2-4B2C-90EF-377DF1826E4D}.Release|Any CPU.Build.0 = Release|Any CPU
		{05327DDC-B727-4048-A82C-2AC8FCCB615B}.Debug|Any CPU.ActiveCfg = Debug|Any CPU
		{05327DDC-B727-4048-A82C-2AC8FCCB615B}.Debug|Any CPU.Build.0 = Debug|Any CPU
		{05327DDC-B727-4048-A82C-2AC8FCCB615B}.Release|Any CPU.ActiveCfg = Release|Any CPU
		{05327DDC-B727-4048-A82C-2AC8FCCB615B}.Release|Any CPU.Build.0 = Release|Any CPU
		{877A91BE-F4E8-411C-ABC5-339F1E16C562}.Debug|Any CPU.ActiveCfg = Debug|Any CPU
		{877A91BE-F4E8-411C-ABC5-339F1E16C562}.Debug|Any CPU.Build.0 = Debug|Any CPU
		{877A91BE-F4E8-411C-ABC5-339F1E16C562}.Release|Any CPU.ActiveCfg = Release|Any CPU
		{877A91BE-F4E8-411C-ABC5-339F1E16C562}.Release|Any CPU.Build.0 = Release|Any CPU
		{DA994831-5148-4FB3-897B-344708D545BB}.Debug|Any CPU.ActiveCfg = Debug|Any CPU
		{DA994831-5148-4FB3-897B-344708D545BB}.Debug|Any CPU.Build.0 = Debug|Any CPU
		{DA994831-5148-4FB3-897B-344708D545BB}.Release|Any CPU.ActiveCfg = Release|Any CPU
		{DA994831-5148-4FB3-897B-344708D545BB}.Release|Any CPU.Build.0 = Release|Any CPU
		{C9662639-A257-462D-9ECB-180E9D75210D}.Debug|Any CPU.ActiveCfg = Debug|Any CPU
		{C9662639-A257-462D-9ECB-180E9D75210D}.Debug|Any CPU.Build.0 = Debug|Any CPU
		{C9662639-A257-462D-9ECB-180E9D75210D}.Release|Any CPU.ActiveCfg = Release|Any CPU
		{C9662639-A257-462D-9ECB-180E9D75210D}.Release|Any CPU.Build.0 = Release|Any CPU
		{3118BEDA-D02F-4C66-84FD-DD03A768DBDF}.Debug|Any CPU.ActiveCfg = Debug|Any CPU
		{3118BEDA-D02F-4C66-84FD-DD03A768DBDF}.Debug|Any CPU.Build.0 = Debug|Any CPU
		{3118BEDA-D02F-4C66-84FD-DD03A768DBDF}.Release|Any CPU.ActiveCfg = Release|Any CPU
		{3118BEDA-D02F-4C66-84FD-DD03A768DBDF}.Release|Any CPU.Build.0 = Release|Any CPU
		{590EF606-D4B0-4B19-8856-B87FB75A93EB}.Debug|Any CPU.ActiveCfg = Debug|Any CPU
		{590EF606-D4B0-4B19-8856-B87FB75A93EB}.Debug|Any CPU.Build.0 = Debug|Any CPU
		{590EF606-D4B0-4B19-8856-B87FB75A93EB}.Release|Any CPU.ActiveCfg = Release|Any CPU
		{590EF606-D4B0-4B19-8856-B87FB75A93EB}.Release|Any CPU.Build.0 = Release|Any CPU
		{0E5D049B-A052-4641-A166-24240B256585}.Debug|Any CPU.ActiveCfg = Debug|Any CPU
		{0E5D049B-A052-4641-A166-24240B256585}.Debug|Any CPU.Build.0 = Debug|Any CPU
		{0E5D049B-A052-4641-A166-24240B256585}.Release|Any CPU.ActiveCfg = Release|Any CPU
		{0E5D049B-A052-4641-A166-24240B256585}.Release|Any CPU.Build.0 = Release|Any CPU
		{CBB3D31E-56C4-415E-A87E-C978C82121F4}.Debug|Any CPU.ActiveCfg = Debug|Any CPU
		{CBB3D31E-56C4-415E-A87E-C978C82121F4}.Debug|Any CPU.Build.0 = Debug|Any CPU
		{CBB3D31E-56C4-415E-A87E-C978C82121F4}.Release|Any CPU.ActiveCfg = Release|Any CPU
		{CBB3D31E-56C4-415E-A87E-C978C82121F4}.Release|Any CPU.Build.0 = Release|Any CPU
		{51AF8886-72FE-4177-922D-CB1893C912B3}.Debug|Any CPU.ActiveCfg = Debug|Any CPU
		{51AF8886-72FE-4177-922D-CB1893C912B3}.Debug|Any CPU.Build.0 = Debug|Any CPU
		{51AF8886-72FE-4177-922D-CB1893C912B3}.Release|Any CPU.ActiveCfg = Release|Any CPU
		{51AF8886-72FE-4177-922D-CB1893C912B3}.Release|Any CPU.Build.0 = Release|Any CPU
		{57106ADC-1B38-4BA6-BC1B-D4D17A79F295}.Debug|Any CPU.ActiveCfg = Debug|Any CPU
		{57106ADC-1B38-4BA6-BC1B-D4D17A79F295}.Debug|Any CPU.Build.0 = Debug|Any CPU
		{57106ADC-1B38-4BA6-BC1B-D4D17A79F295}.Release|Any CPU.ActiveCfg = Release|Any CPU
		{57106ADC-1B38-4BA6-BC1B-D4D17A79F295}.Release|Any CPU.Build.0 = Release|Any CPU
		{CB6FC91D-9323-4A23-B4B5-3DF2B977BCC7}.Debug|Any CPU.ActiveCfg = Debug|Any CPU
		{CB6FC91D-9323-4A23-B4B5-3DF2B977BCC7}.Debug|Any CPU.Build.0 = Debug|Any CPU
		{CB6FC91D-9323-4A23-B4B5-3DF2B977BCC7}.Release|Any CPU.ActiveCfg = Release|Any CPU
		{CB6FC91D-9323-4A23-B4B5-3DF2B977BCC7}.Release|Any CPU.Build.0 = Release|Any CPU
		{7F11C294-8356-4528-B207-241B44580D55}.Debug|Any CPU.ActiveCfg = Debug|Any CPU
		{7F11C294-8356-4528-B207-241B44580D55}.Debug|Any CPU.Build.0 = Debug|Any CPU
		{7F11C294-8356-4528-B207-241B44580D55}.Release|Any CPU.ActiveCfg = Release|Any CPU
		{7F11C294-8356-4528-B207-241B44580D55}.Release|Any CPU.Build.0 = Release|Any CPU
		{685C75D5-31F6-45BD-9C2B-B736E68809FF}.Debug|Any CPU.ActiveCfg = Debug|Any CPU
		{685C75D5-31F6-45BD-9C2B-B736E68809FF}.Debug|Any CPU.Build.0 = Debug|Any CPU
		{685C75D5-31F6-45BD-9C2B-B736E68809FF}.Release|Any CPU.ActiveCfg = Release|Any CPU
		{685C75D5-31F6-45BD-9C2B-B736E68809FF}.Release|Any CPU.Build.0 = Release|Any CPU
		{45F3683D-3C7D-498E-B56D-92F5ACB908FA}.Debug|Any CPU.ActiveCfg = Debug|Any CPU
		{45F3683D-3C7D-498E-B56D-92F5ACB908FA}.Debug|Any CPU.Build.0 = Debug|Any CPU
		{45F3683D-3C7D-498E-B56D-92F5ACB908FA}.Release|Any CPU.ActiveCfg = Release|Any CPU
		{45F3683D-3C7D-498E-B56D-92F5ACB908FA}.Release|Any CPU.Build.0 = Release|Any CPU
		{D4CF139E-E14E-4F78-A218-FB642B523192}.Debug|Any CPU.ActiveCfg = Debug|Any CPU
		{D4CF139E-E14E-4F78-A218-FB642B523192}.Debug|Any CPU.Build.0 = Debug|Any CPU
		{D4CF139E-E14E-4F78-A218-FB642B523192}.Release|Any CPU.ActiveCfg = Release|Any CPU
		{D4CF139E-E14E-4F78-A218-FB642B523192}.Release|Any CPU.Build.0 = Release|Any CPU
		{420C2C35-C007-4697-AB07-F0443590A2A2}.Debug|Any CPU.ActiveCfg = Debug|Any CPU
		{420C2C35-C007-4697-AB07-F0443590A2A2}.Debug|Any CPU.Build.0 = Debug|Any CPU
		{420C2C35-C007-4697-AB07-F0443590A2A2}.Release|Any CPU.ActiveCfg = Release|Any CPU
		{420C2C35-C007-4697-AB07-F0443590A2A2}.Release|Any CPU.Build.0 = Release|Any CPU
		{29E2BCF0-6A1F-4843-892E-48DDDEDADE5E}.Debug|Any CPU.ActiveCfg = Debug|Any CPU
		{29E2BCF0-6A1F-4843-892E-48DDDEDADE5E}.Debug|Any CPU.Build.0 = Debug|Any CPU
		{29E2BCF0-6A1F-4843-892E-48DDDEDADE5E}.Release|Any CPU.ActiveCfg = Release|Any CPU
		{29E2BCF0-6A1F-4843-892E-48DDDEDADE5E}.Release|Any CPU.Build.0 = Release|Any CPU
		{4425B9A1-0706-46C0-A7E0-1D5E61FAA739}.Debug|Any CPU.ActiveCfg = Debug|Any CPU
		{4425B9A1-0706-46C0-A7E0-1D5E61FAA739}.Debug|Any CPU.Build.0 = Debug|Any CPU
		{4425B9A1-0706-46C0-A7E0-1D5E61FAA739}.Release|Any CPU.ActiveCfg = Release|Any CPU
		{4425B9A1-0706-46C0-A7E0-1D5E61FAA739}.Release|Any CPU.Build.0 = Release|Any CPU
		{06C80BBC-8935-46CE-90CF-71846103207F}.Debug|Any CPU.ActiveCfg = Debug|Any CPU
		{06C80BBC-8935-46CE-90CF-71846103207F}.Debug|Any CPU.Build.0 = Debug|Any CPU
		{06C80BBC-8935-46CE-90CF-71846103207F}.Release|Any CPU.ActiveCfg = Release|Any CPU
		{06C80BBC-8935-46CE-90CF-71846103207F}.Release|Any CPU.Build.0 = Release|Any CPU
		{E6D694E0-6011-45C8-8070-0157B2F0F69C}.Debug|Any CPU.ActiveCfg = Debug|Any CPU
		{E6D694E0-6011-45C8-8070-0157B2F0F69C}.Debug|Any CPU.Build.0 = Debug|Any CPU
		{E6D694E0-6011-45C8-8070-0157B2F0F69C}.Release|Any CPU.ActiveCfg = Release|Any CPU
		{E6D694E0-6011-45C8-8070-0157B2F0F69C}.Release|Any CPU.Build.0 = Release|Any CPU
	EndGlobalSection
	GlobalSection(SolutionProperties) = preSolution
		HideSolutionNode = FALSE
	EndGlobalSection
	GlobalSection(NestedProjects) = preSolution
		{2DBDCAE0-8834-4E9A-9DB6-132496E08744} = {A543BFAA-1DB5-4D9B-BC41-D6F3152D80C6}
		{7C8A61A9-E999-4433-A70B-9087077DB945} = {C438EF7C-8A14-4BE2-97A4-8F2B7B03195D}
		{2E53B8C7-F7D4-43C5-BDCC-2CC55446EE30} = {C438EF7C-8A14-4BE2-97A4-8F2B7B03195D}
		{3F1BE2C6-9A99-4610-8F3D-DE548D3F9C90} = {C438EF7C-8A14-4BE2-97A4-8F2B7B03195D}
		{B9E48948-82EE-4873-BD50-106B826172EC} = {C438EF7C-8A14-4BE2-97A4-8F2B7B03195D}
		{C2295D07-9DED-442E-B5CE-A305773BFC08} = {C438EF7C-8A14-4BE2-97A4-8F2B7B03195D}
		{252E552C-9DD9-4D23-9DF9-543998C526D8} = {C438EF7C-8A14-4BE2-97A4-8F2B7B03195D}
		{41E7D759-8B4B-4C67-B23A-7E45B91B8627} = {C438EF7C-8A14-4BE2-97A4-8F2B7B03195D}
		{8124E7E9-0A91-4C86-A7ED-BB1C160645D5} = {C438EF7C-8A14-4BE2-97A4-8F2B7B03195D}
		{AD235BF1-CC67-44C7-9ACD-25B2B346E8A3} = {C438EF7C-8A14-4BE2-97A4-8F2B7B03195D}
		{42D196D7-23D2-4B2C-90EF-377DF1826E4D} = {505081D7-A875-40E2-A964-4F96490CCE46}
		{05327DDC-B727-4048-A82C-2AC8FCCB615B} = {505081D7-A875-40E2-A964-4F96490CCE46}
		{877A91BE-F4E8-411C-ABC5-339F1E16C562} = {505081D7-A875-40E2-A964-4F96490CCE46}
		{DA994831-5148-4FB3-897B-344708D545BB} = {505081D7-A875-40E2-A964-4F96490CCE46}
		{C9662639-A257-462D-9ECB-180E9D75210D} = {505081D7-A875-40E2-A964-4F96490CCE46}
		{3118BEDA-D02F-4C66-84FD-DD03A768DBDF} = {505081D7-A875-40E2-A964-4F96490CCE46}
		{590EF606-D4B0-4B19-8856-B87FB75A93EB} = {505081D7-A875-40E2-A964-4F96490CCE46}
		{0E5D049B-A052-4641-A166-24240B256585} = {505081D7-A875-40E2-A964-4F96490CCE46}
		{CBB3D31E-56C4-415E-A87E-C978C82121F4} = {DC8F484A-0895-4DC3-8C72-1B46A511B48F}
		{51AF8886-72FE-4177-922D-CB1893C912B3} = {DC8F484A-0895-4DC3-8C72-1B46A511B48F}
		{57106ADC-1B38-4BA6-BC1B-D4D17A79F295} = {DC8F484A-0895-4DC3-8C72-1B46A511B48F}
		{CB6FC91D-9323-4A23-B4B5-3DF2B977BCC7} = {DC8F484A-0895-4DC3-8C72-1B46A511B48F}
		{7F11C294-8356-4528-B207-241B44580D55} = {DC8F484A-0895-4DC3-8C72-1B46A511B48F}
		{685C75D5-31F6-45BD-9C2B-B736E68809FF} = {DC8F484A-0895-4DC3-8C72-1B46A511B48F}
		{45F3683D-3C7D-498E-B56D-92F5ACB908FA} = {DC8F484A-0895-4DC3-8C72-1B46A511B48F}
		{D4CF139E-E14E-4F78-A218-FB642B523192} = {DC8F484A-0895-4DC3-8C72-1B46A511B48F}
		{420C2C35-C007-4697-AB07-F0443590A2A2} = {F2D5C2C4-39CE-4CD6-8905-4B0121B9D2EE}
		{29E2BCF0-6A1F-4843-892E-48DDDEDADE5E} = {F2D5C2C4-39CE-4CD6-8905-4B0121B9D2EE}
		{4425B9A1-0706-46C0-A7E0-1D5E61FAA739} = {F2D5C2C4-39CE-4CD6-8905-4B0121B9D2EE}
		{06C80BBC-8935-46CE-90CF-71846103207F} = {F2D5C2C4-39CE-4CD6-8905-4B0121B9D2EE}
		{E6D694E0-6011-45C8-8070-0157B2F0F69C} = {F2D5C2C4-39CE-4CD6-8905-4B0121B9D2EE}
	EndGlobalSection
	GlobalSection(ExtensibilityGlobals) = postSolution
		SolutionGuid = {6185C926-09A1-4D7D-9967-39091EE3DB1C}
	EndGlobalSection
EndGlobal
