
Microsoft Visual Studio Solution File, Format Version 12.00
# Visual Studio 15
VisualStudioVersion = 15.0.27428.2027
MinimumVisualStudioVersion = 10.0.40219.1
Project("{E24C65DC-7377-472B-9ABA-BC803B73C61A}") = "RecordBill.WeChatAPP", "RecordBill.WeChatAPP\", "{2DBDCAE0-8834-4E9A-9DB6-132496E08744}"
	ProjectSection(WebsiteProperties) = preProject
		TargetFrameworkMoniker = ".NETFramework,Version%3Dv4.0"
		Debug.AspNetCompiler.VirtualPath = "/localhost_55127"
		Debug.AspNetCompiler.PhysicalPath = "RecordBill.WeChatAPP\"
		Debug.AspNetCompiler.TargetPath = "PrecompiledWeb\localhost_55127\"
		Debug.AspNetCompiler.Updateable = "true"
		Debug.AspNetCompiler.ForceOverwrite = "true"
		Debug.AspNetCompiler.FixedNames = "false"
		Debug.AspNetCompiler.Debug = "True"
		Release.AspNetCompiler.VirtualPath = "/localhost_55127"
		Release.AspNetCompiler.PhysicalPath = "RecordBill.WeChatAPP\"
		Release.AspNetCompiler.TargetPath = "PrecompiledWeb\localhost_55127\"
		Release.AspNetCompiler.Updateable = "true"
		Release.AspNetCompiler.ForceOverwrite = "true"
		Release.AspNetCompiler.FixedNames = "false"
		Release.AspNetCompiler.Debug = "False"
		VWDPort = "55127"
		SlnRelativePath = "RecordBill.WeChatAPP\"
	EndProjectSection
EndProject
Project("{2150E333-8FDC-42A3-9474-1A3956D46DE8}") = "RecordBill", "RecordBill", "{505081D7-A875-40E2-A964-4F96490CCE46}"
EndProject
Project("{2150E333-8FDC-42A3-9474-1A3956D46DE8}") = "Basis", "Basis", "{F2D5C2C4-39CE-4CD6-8905-4B0121B9D2EE}"
EndProject
Project("{2150E333-8FDC-42A3-9474-1A3956D46DE8}") = "Document", "Document", "{8FC41670-6932-4D07-8B61-8C6FB764524B}"
	ProjectSection(SolutionItems) = preProject
		MigrationReadme.txt = MigrationReadme.txt
		publish.ps1 = publish.ps1
	EndProjectSection
EndProject
Project("{9A19103F-16F7-4668-BE54-9A1E7A4F7556}") = "RecordBill.Common", "RecordBill.Common\RecordBill.Common.csproj", "{42D196D7-23D2-4B2C-90EF-377DF1826E4D}"
EndProject
Project("{9A19103F-16F7-4668-BE54-9A1E7A4F7556}") = "RecordBill.DataTransmitModel", "RecordBill.DataTransmitModel\RecordBill.DataTransmitModel.csproj", "{05327DDC-B727-4048-A82C-2AC8FCCB615B}"
EndProject
Project("{9A19103F-16F7-4668-BE54-9A1E7A4F7556}") = "RecordBill.Domain", "RecordBill.Domain\RecordBill.Domain.csproj", "{877A91BE-F4E8-411C-ABC5-339F1E16C562}"
EndProject
Project("{9A19103F-16F7-4668-BE54-9A1E7A4F7556}") = "RecordBill.EFRepository", "RecordBill.EFRepository\RecordBill.EFRepository.csproj", "{DA994831-5148-4FB3-897B-344708D545BB}"
EndProject
Project("{9A19103F-16F7-4668-BE54-9A1E7A4F7556}") = "RecordBill.PresentationModel", "RecordBill.PresentationModel\RecordBill.PresentationModel.csproj", "{C9662639-A257-462D-9ECB-180E9D75210D}"
EndProject
Project("{9A19103F-16F7-4668-BE54-9A1E7A4F7556}") = "RecordBill.Service", "RecordBill.Service\RecordBill.Service.csproj", "{3118BEDA-D02F-4C66-84FD-DD03A768DBDF}"
EndProject
Project("{9A19103F-16F7-4668-BE54-9A1E7A4F7556}") = "RecordBill.ServiceImpl", "RecordBill.ServiceImpl\RecordBill.ServiceImpl.csproj", "{590EF606-D4B0-4B19-8856-B87FB75A93EB}"
EndProject
Project("{9A19103F-16F7-4668-BE54-9A1E7A4F7556}") = "RecordBill.WebAPI", "RecordBill.WebAPI\RecordBill.WebAPI.csproj", "{0E5D049B-A052-4641-A166-24240B256585}"
EndProject
Project("{9A19103F-16F7-4668-BE54-9A1E7A4F7556}") = "BaseWebAPI", "BaseWebAPI\BaseWebAPI.csproj", "{420C2C35-C007-4697-AB07-F0443590A2A2}"
EndProject
Project("{9A19103F-16F7-4668-BE54-9A1E7A4F7556}") = "Common", "Common\Common.csproj", "{29E2BCF0-6A1F-4843-892E-48DDDEDADE5E}"
EndProject
Project("{9A19103F-16F7-4668-BE54-9A1E7A4F7556}") = "DependencyInjection", "DependencyInjection\DependencyInjection.csproj", "{4425B9A1-0706-46C0-A7E0-1D5E61FAA739}"
EndProject
Project("{9A19103F-16F7-4668-BE54-9A1E7A4F7556}") = "Domain", "Domain\Domain.csproj", "{06C80BBC-8935-46CE-90CF-71846103207F}"
EndProject
Project("{9A19103F-16F7-4668-BE54-9A1E7A4F7556}") = "Model", "Model\Model.csproj", "{E6D694E0-6011-45C8-8070-0157B2F0F69C}"
EndProject
Project("{9A19103F-16F7-4668-BE54-9A1E7A4F7556}") = "User.IdentityServer", "User.IdentityServer\User.IdentityServer.csproj", "{F96C5152-8D92-47B1-BA29-8A8A03A2B949}"
EndProject
Global
	GlobalSection(SolutionConfigurationPlatforms) = preSolution
		Debug|Any CPU = Debug|Any CPU
		Release|Any CPU = Release|Any CPU
	EndGlobalSection
	GlobalSection(ProjectConfigurationPlatforms) = postSolution
		{2DBDCAE0-8834-4E9A-9DB6-132496E08744}.Debug|Any CPU.ActiveCfg = Debug|Any CPU
		{2DBDCAE0-8834-4E9A-9DB6-132496E08744}.Debug|Any CPU.Build.0 = Debug|Any CPU
		{2DBDCAE0-8834-4E9A-9DB6-132496E08744}.Release|Any CPU.ActiveCfg = Debug|Any CPU
		{2DBDCAE0-8834-4E9A-9DB6-132496E08744}.Release|Any CPU.Build.0 = Debug|Any CPU
		{42D196D7-23D2-4B2C-90EF-377DF1826E4D}.Debug|Any CPU.ActiveCfg = Debug|Any CPU
		{42D196D7-23D2-4B2C-90EF-377DF1826E4D}.Debug|Any CPU.Build.0 = Debug|Any CPU
		{42D196D7-23D2-4B2C-90EF-377DF1826E4D}.Release|Any CPU.ActiveCfg = Release|Any CPU
		{42D196D7-23D2-4B2C-90EF-377DF1826E4D}.Release|Any CPU.Build.0 = Release|Any CPU
		{05327DDC-B727-4048-A82C-2AC8FCCB615B}.Debug|Any CPU.ActiveCfg = Debug|Any CPU
		{05327DDC-B727-4048-A82C-2AC8FCCB615B}.Debug|Any CPU.Build.0 = Debug|Any CPU
		{05327DDC-B727-4048-A82C-2AC8FCCB615B}.Release|Any CPU.ActiveCfg = Release|Any CPU
		{05327DDC-B727-4048-A82C-2AC8FCCB615B}.Release|Any CPU.Build.0 = Release|Any CPU
		{877A91BE-F4E8-411C-ABC5-339F1E16C562}.Debug|Any CPU.ActiveCfg = Debug|Any CPU
		{877A91BE-F4E8-411C-ABC5-339F1E16C562}.Debug|Any CPU.Build.0 = Debug|Any CPU
		{877A91BE-F4E8-411C-ABC5-339F1E16C562}.Release|Any CPU.ActiveCfg = Release|Any CPU
		{877A91BE-F4E8-411C-ABC5-339F1E16C562}.Release|Any CPU.Build.0 = Release|Any CPU
		{DA994831-5148-4FB3-897B-344708D545BB}.Debug|Any CPU.ActiveCfg = Debug|Any CPU
		{DA994831-5148-4FB3-897B-344708D545BB}.Debug|Any CPU.Build.0 = Debug|Any CPU
		{DA994831-5148-4FB3-897B-344708D545BB}.Release|Any CPU.ActiveCfg = Release|Any CPU
		{DA994831-5148-4FB3-897B-344708D545BB}.Release|Any CPU.Build.0 = Release|Any CPU
		{C9662639-A257-462D-9ECB-180E9D75210D}.Debug|Any CPU.ActiveCfg = Debug|Any CPU
		{C9662639-A257-462D-9ECB-180E9D75210D}.Debug|Any CPU.Build.0 = Debug|Any CPU
		{C9662639-A257-462D-9ECB-180E9D75210D}.Release|Any CPU.ActiveCfg = Release|Any CPU
		{C9662639-A257-462D-9ECB-180E9D75210D}.Release|Any CPU.Build.0 = Release|Any CPU
		{3118BEDA-D02F-4C66-84FD-DD03A768DBDF}.Debug|Any CPU.ActiveCfg = Debug|Any CPU
		{3118BEDA-D02F-4C66-84FD-DD03A768DBDF}.Debug|Any CPU.Build.0 = Debug|Any CPU
		{3118BEDA-D02F-4C66-84FD-DD03A768DBDF}.Release|Any CPU.ActiveCfg = Release|Any CPU
		{3118BEDA-D02F-4C66-84FD-DD03A768DBDF}.Release|Any CPU.Build.0 = Release|Any CPU
		{590EF606-D4B0-4B19-8856-B87FB75A93EB}.Debug|Any CPU.ActiveCfg = Debug|Any CPU
		{590EF606-D4B0-4B19-8856-B87FB75A93EB}.Debug|Any CPU.Build.0 = Debug|Any CPU
		{590EF606-D4B0-4B19-8856-B87FB75A93EB}.Release|Any CPU.ActiveCfg = Release|Any CPU
		{590EF606-D4B0-4B19-8856-B87FB75A93EB}.Release|Any CPU.Build.0 = Release|Any CPU
		{0E5D049B-A052-4641-A166-24240B256585}.Debug|Any CPU.ActiveCfg = Debug|Any CPU
		{0E5D049B-A052-4641-A166-24240B256585}.Debug|Any CPU.Build.0 = Debug|Any CPU
		{0E5D049B-A052-4641-A166-24240B256585}.Release|Any CPU.ActiveCfg = Release|Any CPU
		{0E5D049B-A052-4641-A166-24240B256585}.Release|Any CPU.Build.0 = Release|Any CPU
		{420C2C35-C007-4697-AB07-F0443590A2A2}.Debug|Any CPU.ActiveCfg = Debug|Any CPU
		{420C2C35-C007-4697-AB07-F0443590A2A2}.Debug|Any CPU.Build.0 = Debug|Any CPU
		{420C2C35-C007-4697-AB07-F0443590A2A2}.Release|Any CPU.ActiveCfg = Release|Any CPU
		{420C2C35-C007-4697-AB07-F0443590A2A2}.Release|Any CPU.Build.0 = Release|Any CPU
		{29E2BCF0-6A1F-4843-892E-48DDDEDADE5E}.Debug|Any CPU.ActiveCfg = Debug|Any CPU
		{29E2BCF0-6A1F-4843-892E-48DDDEDADE5E}.Debug|Any CPU.Build.0 = Debug|Any CPU
		{29E2BCF0-6A1F-4843-892E-48DDDEDADE5E}.Release|Any CPU.ActiveCfg = Release|Any CPU
		{29E2BCF0-6A1F-4843-892E-48DDDEDADE5E}.Release|Any CPU.Build.0 = Release|Any CPU
		{4425B9A1-0706-46C0-A7E0-1D5E61FAA739}.Debug|Any CPU.ActiveCfg = Debug|Any CPU
		{4425B9A1-0706-46C0-A7E0-1D5E61FAA739}.Debug|Any CPU.Build.0 = Debug|Any CPU
		{4425B9A1-0706-46C0-A7E0-1D5E61FAA739}.Release|Any CPU.ActiveCfg = Release|Any CPU
		{4425B9A1-0706-46C0-A7E0-1D5E61FAA739}.Release|Any CPU.Build.0 = Release|Any CPU
		{06C80BBC-8935-46CE-90CF-71846103207F}.Debug|Any CPU.ActiveCfg = Debug|Any CPU
		{06C80BBC-8935-46CE-90CF-71846103207F}.Debug|Any CPU.Build.0 = Debug|Any CPU
		{06C80BBC-8935-46CE-90CF-71846103207F}.Release|Any CPU.ActiveCfg = Release|Any CPU
		{06C80BBC-8935-46CE-90CF-71846103207F}.Release|Any CPU.Build.0 = Release|Any CPU
		{E6D694E0-6011-45C8-8070-0157B2F0F69C}.Debug|Any CPU.ActiveCfg = Debug|Any CPU
		{E6D694E0-6011-45C8-8070-0157B2F0F69C}.Debug|Any CPU.Build.0 = Debug|Any CPU
		{E6D694E0-6011-45C8-8070-0157B2F0F69C}.Release|Any CPU.ActiveCfg = Release|Any CPU
		{E6D694E0-6011-45C8-8070-0157B2F0F69C}.Release|Any CPU.Build.0 = Release|Any CPU
		{F96C5152-8D92-47B1-BA29-8A8A03A2B949}.Debug|Any CPU.ActiveCfg = Debug|Any CPU
		{F96C5152-8D92-47B1-BA29-8A8A03A2B949}.Debug|Any CPU.Build.0 = Debug|Any CPU
		{F96C5152-8D92-47B1-BA29-8A8A03A2B949}.Release|Any CPU.ActiveCfg = Release|Any CPU
		{F96C5152-8D92-47B1-BA29-8A8A03A2B949}.Release|Any CPU.Build.0 = Release|Any CPU
	EndGlobalSection
	GlobalSection(SolutionProperties) = preSolution
		HideSolutionNode = FALSE
	EndGlobalSection
	GlobalSection(NestedProjects) = preSolution
		{42D196D7-23D2-4B2C-90EF-377DF1826E4D} = {505081D7-A875-40E2-A964-4F96490CCE46}
		{05327DDC-B727-4048-A82C-2AC8FCCB615B} = {505081D7-A875-40E2-A964-4F96490CCE46}
		{877A91BE-F4E8-411C-ABC5-339F1E16C562} = {505081D7-A875-40E2-A964-4F96490CCE46}
		{DA994831-5148-4FB3-897B-344708D545BB} = {505081D7-A875-40E2-A964-4F96490CCE46}
		{C9662639-A257-462D-9ECB-180E9D75210D} = {505081D7-A875-40E2-A964-4F96490CCE46}
		{3118BEDA-D02F-4C66-84FD-DD03A768DBDF} = {505081D7-A875-40E2-A964-4F96490CCE46}
		{590EF606-D4B0-4B19-8856-B87FB75A93EB} = {505081D7-A875-40E2-A964-4F96490CCE46}
		{0E5D049B-A052-4641-A166-24240B256585} = {505081D7-A875-40E2-A964-4F96490CCE46}
		{420C2C35-C007-4697-AB07-F0443590A2A2} = {F2D5C2C4-39CE-4CD6-8905-4B0121B9D2EE}
		{29E2BCF0-6A1F-4843-892E-48DDDEDADE5E} = {F2D5C2C4-39CE-4CD6-8905-4B0121B9D2EE}
		{4425B9A1-0706-46C0-A7E0-1D5E61FAA739} = {F2D5C2C4-39CE-4CD6-8905-4B0121B9D2EE}
		{06C80BBC-8935-46CE-90CF-71846103207F} = {F2D5C2C4-39CE-4CD6-8905-4B0121B9D2EE}
		{E6D694E0-6011-45C8-8070-0157B2F0F69C} = {F2D5C2C4-39CE-4CD6-8905-4B0121B9D2EE}
		{F96C5152-8D92-47B1-BA29-8A8A03A2B949} = {505081D7-A875-40E2-A964-4F96490CCE46}
	EndGlobalSection
	GlobalSection(ExtensibilityGlobals) = postSolution
		SolutionGuid = {6185C926-09A1-4D7D-9967-39091EE3DB1C}
	EndGlobalSection
EndGlobal
